# THIS IS AN AUTOGENERATED FILE. DO NOT EDIT THIS FILE DIRECTLY.
# yarn lockfile v1


align-text@^0.1.1, align-text@^0.1.3:
  version "0.1.4"
  resolved "https://registry.yarnpkg.com/align-text/-/align-text-0.1.4.tgz#0cd90a561093f35d0a99256c22b7069433fad117"
  dependencies:
    kind-of "^3.0.2"
    longest "^1.0.1"
    repeat-string "^1.5.2"

async@~0.2.6:
  version "0.2.10"
  resolved "https://registry.yarnpkg.com/async/-/async-0.2.10.tgz#b6bbe0b0674b9d719708ca38de8c237cb526c3d1"

browser-resolve@^1.11.0:
  version "1.11.2"
  resolved "https://registry.yarnpkg.com/browser-resolve/-/browser-resolve-1.11.2.tgz#8ff09b0a2c421718a1051c260b32e48f442938ce"
  dependencies:
    resolve "1.1.7"

builtin-modules@^1.1.0:
  version "1.1.1"
  resolved "https://registry.yarnpkg.com/builtin-modules/-/builtin-modules-1.1.1.tgz#270f076c5a72c02f5b65a47df94c5fe3a278892f"

camelcase@^1.0.2:
  version "1.2.1"
  resolved "https://registry.yarnpkg.com/camelcase/-/camelcase-1.2.1.tgz#9bb5304d2e0b56698b2c758b08a3eaa9daa58a39"

center-align@^0.1.1:
  version "0.1.3"
  resolved "https://registry.yarnpkg.com/center-align/-/center-align-0.1.3.tgz#aa0d32629b6ee972200411cbd4461c907bc2b7ad"
  dependencies:
    align-text "^0.1.3"
    lazy-cache "^1.0.3"

cliui@^2.1.0:
  version "2.1.0"
  resolved "https://registry.yarnpkg.com/cliui/-/cliui-2.1.0.tgz#4b475760ff80264c762c3a1719032e91c7fea0d1"
  dependencies:
    center-align "^0.1.1"
    right-align "^0.1.1"
    wordwrap "0.0.2"

d3-array@1, d3-array@^1.0.2:
  version "1.0.2"
  resolved "https://registry.yarnpkg.com/d3-array/-/d3-array-1.0.2.tgz#174237bf356a852fadd6af87743d928631de7655"

d3-axis@^1.0.4:
  version "1.0.4"
  resolved "https://registry.yarnpkg.com/d3-axis/-/d3-axis-1.0.4.tgz#bdfdcf5e859824062e0f17ad920f76236e72512c"

d3-collection@1:
  version "1.0.2"
  resolved "https://registry.yarnpkg.com/d3-collection/-/d3-collection-1.0.2.tgz#df5acb5400443e9eabe9c1379896c67e52426b39"

d3-color@1:
  version "1.0.2"
  resolved "https://registry.yarnpkg.com/d3-color/-/d3-color-1.0.2.tgz#83cb4b3a9474e40795f009d97e97a15649830bbc"

d3-dispatch@1:
  version "1.0.2"
  resolved "https://registry.yarnpkg.com/d3-dispatch/-/d3-dispatch-1.0.2.tgz#5b511e79a46a1f89492841c0a8f656687d5daa0a"

d3-ease@1, d3-ease@^1.0.2:
  version "1.0.2"
  resolved "https://registry.yarnpkg.com/d3-ease/-/d3-ease-1.0.2.tgz#b486f8f3ca308ca7be38197d65622b6e30983377"

d3-format@1:
  version "1.0.2"
  resolved "https://registry.yarnpkg.com/d3-format/-/d3-format-1.0.2.tgz#138618320b4bbeb43b5c0ff30519079fbbd7375e"

d3-interpolate@1:
  version "1.1.3"
  resolved "https://registry.yarnpkg.com/d3-interpolate/-/d3-interpolate-1.1.3.tgz#e119c91b6be4941e581675ca3e1279bb92bd2c9b"
  dependencies:
    d3-color "1"

d3-path@1:
  version "1.0.3"
  resolved "https://registry.yarnpkg.com/d3-path/-/d3-path-1.0.3.tgz#60103d0dea9a6cd6ca58de86c6d56724002d3fde"

d3-scale@^1.0.4:
  version "1.0.4"
  resolved "https://registry.yarnpkg.com/d3-scale/-/d3-scale-1.0.4.tgz#50e28bf6a193b706745528515ed9b3d44205a033"
  dependencies:
    d3-array "1"
    d3-collection "1"
    d3-color "1"
    d3-format "1"
    d3-interpolate "1"
    d3-time "1"
    d3-time-format "2"

d3-selection@1:
  version "1.0.3"
  resolved "https://registry.yarnpkg.com/d3-selection/-/d3-selection-1.0.3.tgz#e63e51416172427854c1bcdfa066eb5fe872c108"

d3-shape@^1.0.4:
  version "1.0.4"
  resolved "https://registry.yarnpkg.com/d3-shape/-/d3-shape-1.0.4.tgz#145ee100ccbec42f8e3f1996cd05c786f79fe1c6"
  dependencies:
    d3-path "1"

d3-time-format@2:
  version "2.0.3"
  resolved "https://registry.yarnpkg.com/d3-time-format/-/d3-time-format-2.0.3.tgz#3241569b74ddc9c42e0689c0e8a903579fd6280a"
  dependencies:
    d3-time "1"

d3-time@1:
  version "1.0.4"
  resolved "https://registry.yarnpkg.com/d3-time/-/d3-time-1.0.4.tgz#2ceba09a76b7450c992a1ded4e10fc6195e69649"

d3-timer@1:
  version "1.0.4"
  resolved "https://registry.yarnpkg.com/d3-timer/-/d3-timer-1.0.4.tgz#adaf7f60c7b54c99b2ffabd28c15a0c108a75321"

d3-transition@^1.0.3:
  version "1.0.3"
  resolved "https://registry.yarnpkg.com/d3-transition/-/d3-transition-1.0.3.tgz#91dc986bddb30973639320a85db72ce4ab1a27bb"
  dependencies:
    d3-color "1"
    d3-dispatch "1"
    d3-ease "1"
    d3-interpolate "1"
    d3-selection "1"
    d3-timer "1"

decamelize@^1.0.0:
  version "1.2.0"
  resolved "https://registry.yarnpkg.com/decamelize/-/decamelize-1.2.0.tgz#f6534d15148269b20352e7bee26f501f9a191290"

is-buffer@^1.0.2:
  version "1.1.4"
  resolved "https://registry.yarnpkg.com/is-buffer/-/is-buffer-1.1.4.tgz#cfc86ccd5dc5a52fa80489111c6920c457e2d98b"

kind-of@^3.0.2:
  version "3.1.0"
  resolved "https://registry.yarnpkg.com/kind-of/-/kind-of-3.1.0.tgz#475d698a5e49ff5e53d14e3e732429dc8bf4cf47"
  dependencies:
    is-buffer "^1.0.2"

lazy-cache@^1.0.3:
  version "1.0.4"
  resolved "https://registry.yarnpkg.com/lazy-cache/-/lazy-cache-1.0.4.tgz#a1d78fc3a50474cb80845d3b3b6e1da49a446e8e"

longest@^1.0.1:
  version "1.0.1"
  resolved "https://registry.yarnpkg.com/longest/-/longest-1.0.1.tgz#30a0b2da38f73770e8294a0d22e6625ed77d0097"

minimist@^1.1.3:
  version "1.2.0"
  resolved "https://registry.yarnpkg.com/minimist/-/minimist-1.2.0.tgz#a35008b20f41383eec1fb914f4cd5df79a264284"

ngzip@^1.1.3:
  version "1.1.3"
  resolved "https://registry.yarnpkg.com/ngzip/-/ngzip-1.1.3.tgz#192632386e8f5f44a70c5354b1636b92a6c3807c"
  dependencies:
    minimist "^1.1.3"

repeat-string@^1.5.2:
  version "1.6.1"
  resolved "https://registry.yarnpkg.com/repeat-string/-/repeat-string-1.6.1.tgz#8dcae470e1c88abc2d600fff4a776286da75e637"

resolve@1.1.7:
  version "1.1.7"
  resolved "https://registry.yarnpkg.com/resolve/-/resolve-1.1.7.tgz#203114d82ad2c5ed9e8e0411b3932875e889e97b"

resolve@^1.1.6:
  version "1.2.0"
  resolved "https://registry.yarnpkg.com/resolve/-/resolve-1.2.0.tgz#9589c3f2f6149d1417a40becc1663db6ec6bc26c"

right-align@^0.1.1:
  version "0.1.3"
  resolved "https://registry.yarnpkg.com/right-align/-/right-align-0.1.3.tgz#61339b722fe6a3515689210d24e14c96148613ef"
  dependencies:
    align-text "^0.1.1"

rollup-plugin-node-resolve@2:
  version "2.0.0"
  resolved "https://registry.yarnpkg.com/rollup-plugin-node-resolve/-/rollup-plugin-node-resolve-2.0.0.tgz#07e0ae94ac002a3ea36e8f33ca121d9f836b1309"
  dependencies:
    browser-resolve "^1.11.0"
    builtin-modules "^1.1.0"
    resolve "^1.1.6"

rollup@0.36:
  version "0.36.4"
  resolved "https://registry.yarnpkg.com/rollup/-/rollup-0.36.4.tgz#a224494c5386c1d73d38f7bb86f69f5eb011a3d2"
  dependencies:
    source-map-support "^0.4.0"

source-map-support@^0.4.0:
  version "0.4.10"
  resolved "https://registry.yarnpkg.com/source-map-support/-/source-map-support-0.4.10.tgz#d7b19038040a14c0837a18e630a196453952b378"
  dependencies:
    source-map "^0.5.3"

source-map@^0.5.3, source-map@~0.5.1:
  version "0.5.6"
  resolved "https://registry.yarnpkg.com/source-map/-/source-map-0.5.6.tgz#75ce38f52bf0733c5a7f0c118d81334a2bb5f412"

uglify-js@2:
  version "2.7.5"
  resolved "https://registry.yarnpkg.com/uglify-js/-/uglify-js-2.7.5.tgz#4612c0c7baaee2ba7c487de4904ae122079f2ca8"
  dependencies:
    async "~0.2.6"
    source-map "~0.5.1"
    uglify-to-browserify "~1.0.0"
    yargs "~3.10.0"

uglify-to-browserify@~1.0.0:
  version "1.0.2"
  resolved "https://registry.yarnpkg.com/uglify-to-browserify/-/uglify-to-browserify-1.0.2.tgz#6e0924d6bda6b5afe349e39a6d632850a0f882b7"

window-size@0.1.0:
  version "0.1.0"
  resolved "https://registry.yarnpkg.com/window-size/-/window-size-0.1.0.tgz#5438cd2ea93b202efa3a19fe8887aee7c94f9c9d"

wordwrap@0.0.2:
  version "0.0.2"
  resolved "https://registry.yarnpkg.com/wordwrap/-/wordwrap-0.0.2.tgz#b79669bb42ecb409f83d583cad52ca17eaa1643f"

yargs@~3.10.0:
  version "3.10.0"
  resolved "https://registry.yarnpkg.com/yargs/-/yargs-3.10.0.tgz#f7ee7bd857dd7c1d2d38c0e74efbd681d1431fd1"
  dependencies:
    camelcase "^1.0.2"
    cliui "^2.1.0"
    decamelize "^1.0.0"
    window-size "0.1.0"
